
Microsoft Visual Studio Solution File, Format Version 12.00
# Visual Studio Version 16
VisualStudioVersion = 16.0.34301.259
MinimumVisualStudioVersion = 10.0.40219.1
Project("{FAE04EC0-301F-11D3-BF4B-00C04F79EFBC}") = "Aplicación", "Aplicación\Aplicación.csproj", "{A5B529A9-7F27-4F88-AC00-A683A227C072}"
EndProject
Project("{FAE04EC0-301F-11D3-BF4B-00C04F79EFBC}") = "Dominio", "Dominio\Dominio.csproj", "{1A6255B7-652E-4C8E-B130-339AE60D1D93}"
EndProject
Project("{FAE04EC0-301F-11D3-BF4B-00C04F79EFBC}") = "Negocio", "Negocio\Negocio.csproj", "{AB82ED2F-45AD-45EC-9B8E-F209DF7AA8D7}"
EndProject
Global
	GlobalSection(SolutionConfigurationPlatforms) = preSolution
		Debug|Any CPU = Debug|Any CPU
		Release|Any CPU = Release|Any CPU
	EndGlobalSection
	GlobalSection(ProjectConfigurationPlatforms) = postSolution
		{A5B529A9-7F27-4F88-AC00-A683A227C072}.Debug|Any CPU.ActiveCfg = Debug|Any CPU
		{A5B529A9-7F27-4F88-AC00-A683A227C072}.Debug|Any CPU.Build.0 = Debug|Any CPU
		{A5B529A9-7F27-4F88-AC00-A683A227C072}.Release|Any CPU.ActiveCfg = Release|Any CPU
		{A5B529A9-7F27-4F88-AC00-A683A227C072}.Release|Any CPU.Build.0 = Release|Any CPU
		{1A6255B7-652E-4C8E-B130-339AE60D1D93}.Debug|Any CPU.ActiveCfg = Debug|Any CPU
		{1A6255B7-652E-4C8E-B130-339AE60D1D93}.Debug|Any CPU.Build.0 = Debug|Any CPU
		{1A6255B7-652E-4C8E-B130-339AE60D1D93}.Release|Any CPU.ActiveCfg = Release|Any CPU
		{1A6255B7-652E-4C8E-B130-339AE60D1D93}.Release|Any CPU.Build.0 = Release|Any CPU
		{AB82ED2F-45AD-45EC-9B8E-F209DF7AA8D7}.Debug|Any CPU.ActiveCfg = Debug|Any CPU
		{AB82ED2F-45AD-45EC-9B8E-F209DF7AA8D7}.Debug|Any CPU.Build.0 = Debug|Any CPU
		{AB82ED2F-45AD-45EC-9B8E-F209DF7AA8D7}.Release|Any CPU.ActiveCfg = Release|Any CPU
		{AB82ED2F-45AD-45EC-9B8E-F209DF7AA8D7}.Release|Any CPU.Build.0 = Release|Any CPU
	EndGlobalSection
	GlobalSection(SolutionProperties) = preSolution
		HideSolutionNode = FALSE
	EndGlobalSection
	GlobalSection(ExtensibilityGlobals) = postSolution
		SolutionGuid = {CB0ECBBA-97F9-4020-AF9C-015E827641C1}
	EndGlobalSection
EndGlobal
